
Microsoft Visual Studio Solution File, Format Version 12.00
# Visual Studio 2012
VisualStudioVersion = 12.0.30501.0
MinimumVisualStudioVersion = 10.0.40219.1
Project("{FAE04EC0-301F-11D3-BF4B-00C04F79EFBC}") = "Markdown2PDF.Core", "Markdown2PDF.Core\Markdown2PDF.Core.csproj", "{77150A18-BB80-47AF-80E4-00CE818980B0}"
EndProject
Project("{FAE04EC0-301F-11D3-BF4B-00C04F79EFBC}") = "Markdown2PDF", "Markdown2PDF.Mac\Markdown2PDF.csproj", "{BD5B54C8-E1F7-4E38-BB28-4C9685FA977F}"
EndProject
Global
	GlobalSection(SolutionConfigurationPlatforms) = preSolution
		Debug|Any CPU = Debug|Any CPU
		Release|Any CPU = Release|Any CPU
		AppStore|Any CPU = AppStore|Any CPU
	EndGlobalSection
	GlobalSection(ProjectConfigurationPlatforms) = postSolution
		{77150A18-BB80-47AF-80E4-00CE818980B0}.AppStore|Any CPU.ActiveCfg = Debug|Any CPU
		{77150A18-BB80-47AF-80E4-00CE818980B0}.AppStore|Any CPU.Build.0 = Debug|Any CPU
		{77150A18-BB80-47AF-80E4-00CE818980B0}.Debug|Any CPU.ActiveCfg = Debug|Any CPU
		{77150A18-BB80-47AF-80E4-00CE818980B0}.Debug|Any CPU.Build.0 = Debug|Any CPU
		{77150A18-BB80-47AF-80E4-00CE818980B0}.Release|Any CPU.ActiveCfg = Release|Any CPU
		{77150A18-BB80-47AF-80E4-00CE818980B0}.Release|Any CPU.Build.0 = Release|Any CPU
		{BD5B54C8-E1F7-4E38-BB28-4C9685FA977F}.AppStore|Any CPU.ActiveCfg = AppStore|Any CPU
		{BD5B54C8-E1F7-4E38-BB28-4C9685FA977F}.AppStore|Any CPU.Build.0 = AppStore|Any CPU
		{BD5B54C8-E1F7-4E38-BB28-4C9685FA977F}.Debug|Any CPU.ActiveCfg = Debug|Any CPU
		{BD5B54C8-E1F7-4E38-BB28-4C9685FA977F}.Debug|Any CPU.Build.0 = Debug|Any CPU
		{BD5B54C8-E1F7-4E38-BB28-4C9685FA977F}.Release|Any CPU.ActiveCfg = Release|Any CPU
		{BD5B54C8-E1F7-4E38-BB28-4C9685FA977F}.Release|Any CPU.Build.0 = Release|Any CPU
	EndGlobalSection
	GlobalSection(SolutionProperties) = preSolution
		HideSolutionNode = FALSE
	EndGlobalSection
EndGlobal
